
Microsoft Visual Studio Solution File, Format Version 12.00
# Visual Studio Version 17
VisualStudioVersion = 17.10.34916.146
MinimumVisualStudioVersion = 10.0.40219.1
Project("{FAE04EC0-301F-11D3-BF4B-00C04F79EFBC}") = "AP.Data", "AP.Data\AP.Data.csproj", "{B6FDF01F-1752-43F0-85AC-59817F0DD153}"
EndProject
Project("{FAE04EC0-301F-11D3-BF4B-00C04F79EFBC}") = "AP.Web", "AP.Web\AP.Web.csproj", "{26B522EA-2EAE-4F11-8C3E-730F2EE7FC07}"
EndProject
Global
	GlobalSection(SolutionConfigurationPlatforms) = preSolution
		Debug|Any CPU = Debug|Any CPU
		Release|Any CPU = Release|Any CPU
	EndGlobalSection
	GlobalSection(ProjectConfigurationPlatforms) = postSolution
		{B6FDF01F-1752-43F0-85AC-59817F0DD153}.Debug|Any CPU.ActiveCfg = Debug|Any CPU
		{B6FDF01F-1752-43F0-85AC-59817F0DD153}.Debug|Any CPU.Build.0 = Debug|Any CPU
		{B6FDF01F-1752-43F0-85AC-59817F0DD153}.Release|Any CPU.ActiveCfg = Release|Any CPU
		{B6FDF01F-1752-43F0-85AC-59817F0DD153}.Release|Any CPU.Build.0 = Release|Any CPU
		{26B522EA-2EAE-4F11-8C3E-730F2EE7FC07}.Debug|Any CPU.ActiveCfg = Debug|Any CPU
		{26B522EA-2EAE-4F11-8C3E-730F2EE7FC07}.Debug|Any CPU.Build.0 = Debug|Any CPU
		{26B522EA-2EAE-4F11-8C3E-730F2EE7FC07}.Release|Any CPU.ActiveCfg = Release|Any CPU
		{26B522EA-2EAE-4F11-8C3E-730F2EE7FC07}.Release|Any CPU.Build.0 = Release|Any CPU
	EndGlobalSection
	GlobalSection(SolutionProperties) = preSolution
		HideSolutionNode = FALSE
	EndGlobalSection
	GlobalSection(ExtensibilityGlobals) = postSolution
		SolutionGuid = {DD299CED-4EA5-4991-9079-1D6DD4277735}
	EndGlobalSection
EndGlobal
